
Microsoft Visual Studio Solution File, Format Version 12.00
# Visual Studio 2012
Project("{FAE04EC0-301F-11D3-BF4B-00C04F79EFBC}") = "NTS.EMS.Config.Controler", "NTS.EMS.Config.Controler\NTS.EMS.Config.Controler.csproj", "{B26ADABE-6C6E-48A6-AFB5-5A83CF26822B}"
EndProject
Project("{FAE04EC0-301F-11D3-BF4B-00C04F79EFBC}") = "NTS.EMS.Config.Model", "NTS.EMS.Config.Model\NTS.EMS.Config.Model.csproj", "{13221EBE-3601-47B1-82B7-7D4B0730B603}"
EndProject
Project("{FAE04EC0-301F-11D3-BF4B-00C04F79EFBC}") = "NTS.EMS.Config.AjaxHandler", "NTS.EMS.Config.AjaxHandler\NTS.EMS.Config.AjaxHandler.csproj", "{8825B1FA-B8F2-4B79-8A0E-04A5A50583E9}"
EndProject
Project("{FAE04EC0-301F-11D3-BF4B-00C04F79EFBC}") = "NTS.EMS.Config.BLL", "NTS.EMS.Config.BLL\NTS.EMS.Config.BLL.csproj", "{4A92BCFE-7510-44A6-9DC7-5F88B29DAE2E}"
EndProject
Project("{FAE04EC0-301F-11D3-BF4B-00C04F79EFBC}") = "NTS.EMS.Config.ProductInteface", "NTS.EMS.Config.ProductInteface\NTS.EMS.Config.ProductInteface.csproj", "{99A4A31F-ACDE-4380-8A55-27E91364C515}"
EndProject
Project("{FAE04EC0-301F-11D3-BF4B-00C04F79EFBC}") = "NTS.EMS.Config.DAL", "NTS.EMS.Config.DAL\NTS.EMS.Config.DAL.csproj", "{C59E4B52-4290-4EF1-8BF5-4A7A805FE51B}"
EndProject
Project("{FAE04EC0-301F-11D3-BF4B-00C04F79EFBC}") = "NTS.EMS.Config.Web", "NTS.EMS.Config.Web\NTS.EMS.Config.Web.csproj", "{3CA42BA6-B812-4118-B66C-2013942DFBB5}"
EndProject
Global
	GlobalSection(SolutionConfigurationPlatforms) = preSolution
		Debug|Any CPU = Debug|Any CPU
		Release|Any CPU = Release|Any CPU
	EndGlobalSection
	GlobalSection(ProjectConfigurationPlatforms) = postSolution
		{B26ADABE-6C6E-48A6-AFB5-5A83CF26822B}.Debug|Any CPU.ActiveCfg = Debug|Any CPU
		{B26ADABE-6C6E-48A6-AFB5-5A83CF26822B}.Debug|Any CPU.Build.0 = Debug|Any CPU
		{B26ADABE-6C6E-48A6-AFB5-5A83CF26822B}.Release|Any CPU.ActiveCfg = Release|Any CPU
		{B26ADABE-6C6E-48A6-AFB5-5A83CF26822B}.Release|Any CPU.Build.0 = Release|Any CPU
		{13221EBE-3601-47B1-82B7-7D4B0730B603}.Debug|Any CPU.ActiveCfg = Debug|Any CPU
		{13221EBE-3601-47B1-82B7-7D4B0730B603}.Debug|Any CPU.Build.0 = Debug|Any CPU
		{13221EBE-3601-47B1-82B7-7D4B0730B603}.Release|Any CPU.ActiveCfg = Release|Any CPU
		{13221EBE-3601-47B1-82B7-7D4B0730B603}.Release|Any CPU.Build.0 = Release|Any CPU
		{8825B1FA-B8F2-4B79-8A0E-04A5A50583E9}.Debug|Any CPU.ActiveCfg = Debug|Any CPU
		{8825B1FA-B8F2-4B79-8A0E-04A5A50583E9}.Debug|Any CPU.Build.0 = Debug|Any CPU
		{8825B1FA-B8F2-4B79-8A0E-04A5A50583E9}.Release|Any CPU.ActiveCfg = Release|Any CPU
		{8825B1FA-B8F2-4B79-8A0E-04A5A50583E9}.Release|Any CPU.Build.0 = Release|Any CPU
		{4A92BCFE-7510-44A6-9DC7-5F88B29DAE2E}.Debug|Any CPU.ActiveCfg = Debug|Any CPU
		{4A92BCFE-7510-44A6-9DC7-5F88B29DAE2E}.Debug|Any CPU.Build.0 = Debug|Any CPU
		{4A92BCFE-7510-44A6-9DC7-5F88B29DAE2E}.Release|Any CPU.ActiveCfg = Release|Any CPU
		{4A92BCFE-7510-44A6-9DC7-5F88B29DAE2E}.Release|Any CPU.Build.0 = Release|Any CPU
		{99A4A31F-ACDE-4380-8A55-27E91364C515}.Debug|Any CPU.ActiveCfg = Debug|Any CPU
		{99A4A31F-ACDE-4380-8A55-27E91364C515}.Debug|Any CPU.Build.0 = Debug|Any CPU
		{99A4A31F-ACDE-4380-8A55-27E91364C515}.Release|Any CPU.ActiveCfg = Release|Any CPU
		{99A4A31F-ACDE-4380-8A55-27E91364C515}.Release|Any CPU.Build.0 = Release|Any CPU
		{C59E4B52-4290-4EF1-8BF5-4A7A805FE51B}.Debug|Any CPU.ActiveCfg = Debug|Any CPU
		{C59E4B52-4290-4EF1-8BF5-4A7A805FE51B}.Debug|Any CPU.Build.0 = Debug|Any CPU
		{C59E4B52-4290-4EF1-8BF5-4A7A805FE51B}.Release|Any CPU.ActiveCfg = Release|Any CPU
		{C59E4B52-4290-4EF1-8BF5-4A7A805FE51B}.Release|Any CPU.Build.0 = Release|Any CPU
		{3CA42BA6-B812-4118-B66C-2013942DFBB5}.Debug|Any CPU.ActiveCfg = Debug|Any CPU
		{3CA42BA6-B812-4118-B66C-2013942DFBB5}.Debug|Any CPU.Build.0 = Debug|Any CPU
		{3CA42BA6-B812-4118-B66C-2013942DFBB5}.Release|Any CPU.ActiveCfg = Release|Any CPU
		{3CA42BA6-B812-4118-B66C-2013942DFBB5}.Release|Any CPU.Build.0 = Release|Any CPU
	EndGlobalSection
	GlobalSection(SolutionProperties) = preSolution
		HideSolutionNode = FALSE
	EndGlobalSection
EndGlobal
